// !$*UTF8*$!
{
	archiveVersion = 1;
	classes = {
	};
	objectVersion = 77;
	objects = {

/* Begin PBXBuildFile section */
		697FAF872EB1024400864EEC /* FirebaseAuth in Frameworks */ = {isa = PBXBuildFile; productRef = A18000012F2D1D0400C672AA /* FirebaseAuth */; };
		697FAF882EB1024400864EEC /* FirebaseCore in Frameworks */ = {isa = PBXBuildFile; productRef = A18000022F2D1D0400C672AA /* FirebaseCore */; };
		697FAF892EB1024400864EEC /* FirebaseFirestore in Frameworks */ = {isa = PBXBuildFile; productRef = A18000032F2D1D0400C672AA /* FirebaseFirestore */; };
		697FAF8A2EB1024400864EEC /* GoogleSignIn in Frameworks */ = {isa = PBXBuildFile; productRef = A18000052F2D1D0400C672AA /* GoogleSignIn */; };
		697FAF8B2EB1024400864EEF /* FirebaseMessaging in Frameworks */ = {isa = PBXBuildFile; productRef = A18000062F2D1D0400C672AA /* FirebaseMessaging */; };
/* End PBXBuildFile section */

/* Begin PBXContainerItemProxy section */
		6966101A2EAA504000E2E3F9 /* PBXContainerItemProxy */ = {
			isa = PBXContainerItemProxy;
			containerPortal = 696610042EAA503E00E2E3F9 /* Project object */;
			proxyType = 1;
			remoteGlobalIDString = 6966100B2EAA503E00E2E3F9;
			remoteInfo = tired;
		};
		696610242EAA504000E2E3F9 /* PBXContainerItemProxy */ = {
			isa = PBXContainerItemProxy;
			containerPortal = 696610042EAA503E00E2E3F9 /* Project object */;
			proxyType = 1;
			remoteGlobalIDString = 6966100B2EAA503E00E2E3F9;
			remoteInfo = tired;
		};
/* End PBXContainerItemProxy section */

/* Begin PBXFileReference section */
		6966100C2EAA503E00E2E3F9 /* tired.app */ = {isa = PBXFileReference; explicitFileType = wrapper.application; includeInIndex = 0; path = tired.app; sourceTree = BUILT_PRODUCTS_DIR; };
		696610192EAA504000E2E3F9 /* tiredTests.xctest */ = {isa = PBXFileReference; explicitFileType = wrapper.cfbundle; includeInIndex = 0; path = tiredTests.xctest; sourceTree = BUILT_PRODUCTS_DIR; };
		696610232EAA504000E2E3F9 /* tiredUITests.xctest */ = {isa = PBXFileReference; explicitFileType = wrapper.cfbundle; includeInIndex = 0; path = tiredUITests.xctest; sourceTree = BUILT_PRODUCTS_DIR; };
/* End PBXFileReference section */

/* Begin PBXFileSystemSynchronizedBuildFileExceptionSet section */
		69FFFEEE2EB3F00A00AAA001 /* Exceptions for "tired" folder in "tired" target */ = {
			isa = PBXFileSystemSynchronizedBuildFileExceptionSet;
			membershipExceptions = (
				Info.plist,
			);
			target = 6966100B2EAA503E00E2E3F9 /* tired */;
		};
/* End PBXFileSystemSynchronizedBuildFileExceptionSet section */

/* Begin PBXFileSystemSynchronizedRootGroup section */
		6966100E2EAA503E00E2E3F9 /* tired */ = {
			isa = PBXFileSystemSynchronizedRootGroup;
			exceptions = (
				69FFFEEE2EB3F00A00AAA001 /* Exceptions for "tired" folder in "tired" target */,
			);
			path = tired;
			sourceTree = "<group>";
		};
		6966101C2EAA504000E2E3F9 /* tiredTests */ = {
			isa = PBXFileSystemSynchronizedRootGroup;
			path = tiredTests;
			sourceTree = "<group>";
		};
		696610262EAA504000E2E3F9 /* tiredUITests */ = {
			isa = PBXFileSystemSynchronizedRootGroup;
			path = tiredUITests;
			sourceTree = "<group>";
		};
/* End PBXFileSystemSynchronizedRootGroup section */

/* Begin PBXFrameworksBuildPhase section */
		696610092EAA503E00E2E3F9 /* Frameworks */ = {
			isa = PBXFrameworksBuildPhase;
			buildActionMask = 2147483647;
			files = (
				697FAF8B2EB1024400864EEF /* FirebaseMessaging in Frameworks */,
				697FAF8A2EB1024400864EEC /* GoogleSignIn in Frameworks */,
				697FAF892EB1024400864EEC /* FirebaseFirestore in Frameworks */,
				697FAF882EB1024400864EEC /* FirebaseCore in Frameworks */,
				697FAF872EB1024400864EEC /* FirebaseAuth in Frameworks */,
			);
			runOnlyForDeploymentPostprocessing = 0;
		};
		696610162EAA504000E2E3F9 /* Frameworks */ = {
			isa = PBXFrameworksBuildPhase;
			buildActionMask = 2147483647;
			files = (
			);
			runOnlyForDeploymentPostprocessing = 0;
		};
		696610202EAA504000E2E3F9 /* Frameworks */ = {
			isa = PBXFrameworksBuildPhase;
			buildActionMask = 2147483647;
			files = (
			);
			runOnlyForDeploymentPostprocessing = 0;
		};
/* End PBXFrameworksBuildPhase section */

/* Begin PBXGroup section */
		696610032EAA503E00E2E3F9 = {
			isa = PBXGroup;
			children = (
				6966100E2EAA503E00E2E3F9 /* tired */,
				6966101C2EAA504000E2E3F9 /* tiredTests */,
				696610262EAA504000E2E3F9 /* tiredUITests */,
				6966100D2EAA503E00E2E3F9 /* Products */,
			);
			sourceTree = "<group>";
		};
		6966100D2EAA503E00E2E3F9 /* Products */ = {
			isa = PBXGroup;
			children = (
				6966100C2EAA503E00E2E3F9 /* tired.app */,
				696610192EAA504000E2E3F9 /* tiredTests.xctest */,
				696610232EAA504000E2E3F9 /* tiredUITests.xctest */,
			);
			name = Products;
			sourceTree = "<group>";
		};
/* End PBXGroup section */

/* Begin PBXNativeTarget section */
		6966100B2EAA503E00E2E3F9 /* tired */ = {
			isa = PBXNativeTarget;
			buildConfigurationList = 6966102D2EAA504000E2E3F9 /* Build configuration list for PBXNativeTarget "tired" */;
			buildPhases = (
				696610082EAA503E00E2E3F9 /* Sources */,
				696610092EAA503E00E2E3F9 /* Frameworks */,
				6966100A2EAA503E00E2E3F9 /* Resources */,
			);
			buildRules = (
			);
			dependencies = (
			);
			fileSystemSynchronizedGroups = (
				6966100E2EAA503E00E2E3F9 /* tired */,
			);
			name = tired;
			packageProductDependencies = (
				A18000012F2D1D0400C672AA /* FirebaseAuth */,
				A18000022F2D1D0400C672AA /* FirebaseCore */,
				A18000032F2D1D0400C672AA /* FirebaseFirestore */,
				A18000052F2D1D0400C672AA /* GoogleSignIn */,
				A18000062F2D1D0400C672AA /* FirebaseMessaging */,
			);
			productName = tired;
			productReference = 6966100C2EAA503E00E2E3F9 /* tired.app */;
			productType = "com.apple.product-type.application";
		};
		696610182EAA504000E2E3F9 /* tiredTests */ = {
			isa = PBXNativeTarget;
			buildConfigurationList = 696610302EAA504000E2E3F9 /* Build configuration list for PBXNativeTarget "tiredTests" */;
			buildPhases = (
				696610152EAA504000E2E3F9 /* Sources */,
				696610162EAA504000E2E3F9 /* Frameworks */,
				696610172EAA504000E2E3F9 /* Resources */,
			);
			buildRules = (
			);
			dependencies = (
				6966101B2EAA504000E2E3F9 /* PBXTargetDependency */,
			);
			fileSystemSynchronizedGroups = (
				6966101C2EAA504000E2E3F9 /* tiredTests */,
			);
			name = tiredTests;
			packageProductDependencies = (
			);
			productName = tiredTests;
			productReference = 696610192EAA504000E2E3F9 /* tiredTests.xctest */;
			productType = "com.apple.product-type.bundle.unit-test";
		};
		696610222EAA504000E2E3F9 /* tiredUITests */ = {
			isa = PBXNativeTarget;
			buildConfigurationList = 696610332EAA504000E2E3F9 /* Build configuration list for PBXNativeTarget "tiredUITests" */;
			buildPhases = (
				6966101F2EAA504000E2E3F9 /* Sources */,
				696610202EAA504000E2E3F9 /* Frameworks */,
				696610212EAA504000E2E3F9 /* Resources */,
			);
			buildRules = (
			);
			dependencies = (
				696610252EAA504000E2E3F9 /* PBXTargetDependency */,
			);
			fileSystemSynchronizedGroups = (
				696610262EAA504000E2E3F9 /* tiredUITests */,
			);
			name = tiredUITests;
			packageProductDependencies = (
			);
			productName = tiredUITests;
			productReference = 696610232EAA504000E2E3F9 /* tiredUITests.xctest */;
			productType = "com.apple.product-type.bundle.ui-testing";
		};
/* End PBXNativeTarget section */

/* Begin PBXProject section */
		696610042EAA503E00E2E3F9 /* Project object */ = {
			isa = PBXProject;
			attributes = {
				BuildIndependentTargetsInParallel = 1;
				LastSwiftUpdateCheck = 2600;
				LastUpgradeCheck = 2600;
				TargetAttributes = {
					6966100B2EAA503E00E2E3F9 = {
						CreatedOnToolsVersion = 26.0.1;
						SystemCapabilities = {
							com.apple.BackgroundModes = {
								enabled = 1;
							};
							com.apple.Push = {
								enabled = 1;
							};
						};
					};
					696610182EAA504000E2E3F9 = {
						CreatedOnToolsVersion = 26.0.1;
						TestTargetID = 6966100B2EAA503E00E2E3F9;
					};
					696610222EAA504000E2E3F9 = {
						CreatedOnToolsVersion = 26.0.1;
						TestTargetID = 6966100B2EAA503E00E2E3F9;
					};
				};
			};
			buildConfigurationList = 696610072EAA503E00E2E3F9 /* Build configuration list for PBXProject "tired" */;
			developmentRegion = en;
			hasScannedForEncodings = 0;
			knownRegions = (
				en,
				Base,
				"zh-Hant",
			);
			mainGroup = 696610032EAA503E00E2E3F9;
			minimizedProjectReferenceProxies = 1;
			packageReferences = (
				6966105C2EAA54EF00E2E3F9 /* XCRemoteSwiftPackageReference "firebase-ios-sdk" */,
				A18001002F2D1D0400C672AA /* XCRemoteSwiftPackageReference "GoogleSignIn-iOS" */,
			);
			preferredProjectObjectVersion = 77;
			productRefGroup = 6966100D2EAA503E00E2E3F9 /* Products */;
			projectDirPath = "";
			projectRoot = "";
			targets = (
				6966100B2EAA503E00E2E3F9 /* tired */,
				696610182EAA504000E2E3F9 /* tiredTests */,
				696610222EAA504000E2E3F9 /* tiredUITests */,
			);
		};
/* End PBXProject section */

/* Begin PBXResourcesBuildPhase section */
		6966100A2EAA503E00E2E3F9 /* Resources */ = {
			isa = PBXResourcesBuildPhase;
			buildActionMask = 2147483647;
			files = (
			);
			runOnlyForDeploymentPostprocessing = 0;
		};
		696610172EAA504000E2E3F9 /* Resources */ = {
			isa = PBXResourcesBuildPhase;
			buildActionMask = 2147483647;
			files = (
			);
			runOnlyForDeploymentPostprocessing = 0;
		};
		696610212EAA504000E2E3F9 /* Resources */ = {
			isa = PBXResourcesBuildPhase;
			buildActionMask = 2147483647;
			files = (
			);
			runOnlyForDeploymentPostprocessing = 0;
		};
/* End PBXResourcesBuildPhase section */

/* Begin PBXSourcesBuildPhase section */
		696610082EAA503E00E2E3F9 /* Sources */ = {
			isa = PBXSourcesBuildPhase;
			buildActionMask = 2147483647;
			files = (
			);
			runOnlyForDeploymentPostprocessing = 0;
		};
		696610152EAA504000E2E3F9 /* Sources */ = {
			isa = PBXSourcesBuildPhase;
			buildActionMask = 2147483647;
			files = (
			);
			runOnlyForDeploymentPostprocessing = 0;
		};
		6966101F2EAA504000E2E3F9 /* Sources */ = {
			isa = PBXSourcesBuildPhase;
			buildActionMask = 2147483647;
			files = (
			);
			runOnlyForDeploymentPostprocessing = 0;
		};
/* End PBXSourcesBuildPhase section */

/* Begin PBXTargetDependency section */
		6966101B2EAA504000E2E3F9 /* PBXTargetDependency */ = {
			isa = PBXTargetDependency;
			target = 6966100B2EAA503E00E2E3F9 /* tired */;
			targetProxy = 6966101A2EAA504000E2E3F9 /* PBXContainerItemProxy */;
		};
		696610252EAA504000E2E3F9 /* PBXTargetDependency */ = {
			isa = PBXTargetDependency;
			target = 6966100B2EAA503E00E2E3F9 /* tired */;
			targetProxy = 696610242EAA504000E2E3F9 /* PBXContainerItemProxy */;
		};
/* End PBXTargetDependency section */

/* Begin XCBuildConfiguration section */
		6966102B2EAA504000E2E3F9 /* Debug */ = {
			isa = XCBuildConfiguration;
			buildSettings = {
				ALWAYS_SEARCH_USER_PATHS = NO;
				ASSETCATALOG_COMPILER_GENERATE_SWIFT_ASSET_SYMBOL_EXTENSIONS = YES;
				CLANG_ANALYZER_NONNULL = YES;
				CLANG_ANALYZER_NUMBER_OBJECT_CONVERSION = YES_AGGRESSIVE;
				CLANG_CXX_LANGUAGE_STANDARD = "gnu++20";
				CLANG_ENABLE_MODULES = YES;
				CLANG_ENABLE_OBJC_ARC = YES;
				CLANG_ENABLE_OBJC_WEAK = YES;
				CLANG_WARN_BLOCK_CAPTURE_AUTORELEASING = YES;
				CLANG_WARN_BOOL_CONVERSION = YES;
				CLANG_WARN_COMMA = YES;
				CLANG_WARN_CONSTANT_CONVERSION = YES;
				CLANG_WARN_DEPRECATED_OBJC_IMPLEMENTATIONS = YES;
				CLANG_WARN_DIRECT_OBJC_ISA_USAGE = YES_ERROR;
				CLANG_WARN_DOCUMENTATION_COMMENTS = YES;
				CLANG_WARN_EMPTY_BODY = YES;
				CLANG_WARN_ENUM_CONVERSION = YES;
				CLANG_WARN_INFINITE_RECURSION = YES;
				CLANG_WARN_INT_CONVERSION = YES;
				CLANG_WARN_NON_LITERAL_NULL_CONVERSION = YES;
				CLANG_WARN_OBJC_IMPLICIT_RETAIN_SELF = YES;
				CLANG_WARN_OBJC_LITERAL_CONVERSION = YES;
				CLANG_WARN_OBJC_ROOT_CLASS = YES_ERROR;
				CLANG_WARN_QUOTED_INCLUDE_IN_FRAMEWORK_HEADER = YES;
				CLANG_WARN_RANGE_LOOP_ANALYSIS = YES;
				CLANG_WARN_STRICT_PROTOTYPES = YES;
				CLANG_WARN_SUSPICIOUS_MOVE = YES;
				CLANG_WARN_UNGUARDED_AVAILABILITY = YES_AGGRESSIVE;
				CLANG_WARN_UNREACHABLE_CODE = YES;
				CLANG_WARN__DUPLICATE_METHOD_MATCH = YES;
				COPY_PHASE_STRIP = NO;
				DEBUG_INFORMATION_FORMAT = dwarf;
				DEVELOPMENT_TEAM = PGF4D2DHVF;
				ENABLE_STRICT_OBJC_MSGSEND = YES;
				ENABLE_TESTABILITY = YES;
				ENABLE_USER_SCRIPT_SANDBOXING = YES;
				GCC_C_LANGUAGE_STANDARD = gnu17;
				GCC_DYNAMIC_NO_PIC = NO;
				GCC_NO_COMMON_BLOCKS = YES;
				GCC_OPTIMIZATION_LEVEL = 0;
				GCC_PREPROCESSOR_DEFINITIONS = (
					"DEBUG=1",
					"$(inherited)",
				);
				GCC_WARN_64_TO_32_BIT_CONVERSION = YES;
				GCC_WARN_ABOUT_RETURN_TYPE = YES_ERROR;
				GCC_WARN_UNDECLARED_SELECTOR = YES;
				GCC_WARN_UNINITIALIZED_AUTOS = YES_AGGRESSIVE;
				GCC_WARN_UNUSED_FUNCTION = YES;
				GCC_WARN_UNUSED_VARIABLE = YES;
				IPHONEOS_DEPLOYMENT_TARGET = 17.0;
				LOCALIZATION_PREFERS_STRING_CATALOGS = YES;
				MTL_ENABLE_DEBUG_INFO = INCLUDE_SOURCE;
				MTL_FAST_MATH = YES;
				ONLY_ACTIVE_ARCH = YES;
				SDKROOT = iphoneos;
				SWIFT_ACTIVE_COMPILATION_CONDITIONS = "DEBUG $(inherited)";
				SWIFT_OPTIMIZATION_LEVEL = "-Onone";
			};
			name = Debug;
		};
		6966102C2EAA504000E2E3F9 /* Release */ = {
			isa = XCBuildConfiguration;
			buildSettings = {
				ALWAYS_SEARCH_USER_PATHS = NO;
				ASSETCATALOG_COMPILER_GENERATE_SWIFT_ASSET_SYMBOL_EXTENSIONS = YES;
				CLANG_ANALYZER_NONNULL = YES;
				CLANG_ANALYZER_NUMBER_OBJECT_CONVERSION = YES_AGGRESSIVE;
				CLANG_CXX_LANGUAGE_STANDARD = "gnu++20";
				CLANG_ENABLE_MODULES = YES;
				CLANG_ENABLE_OBJC_ARC = YES;
				CLANG_ENABLE_OBJC_WEAK = YES;
				CLANG_WARN_BLOCK_CAPTURE_AUTORELEASING = YES;
				CLANG_WARN_BOOL_CONVERSION = YES;
				CLANG_WARN_COMMA = YES;
				CLANG_WARN_CONSTANT_CONVERSION = YES;
				CLANG_WARN_DEPRECATED_OBJC_IMPLEMENTATIONS = YES;
				CLANG_WARN_DIRECT_OBJC_ISA_USAGE = YES_ERROR;
				CLANG_WARN_DOCUMENTATION_COMMENTS = YES;
				CLANG_WARN_EMPTY_BODY = YES;
				CLANG_WARN_ENUM_CONVERSION = YES;
				CLANG_WARN_INFINITE_RECURSION = YES;
				CLANG_WARN_INT_CONVERSION = YES;
				CLANG_WARN_NON_LITERAL_NULL_CONVERSION = YES;
				CLANG_WARN_OBJC_IMPLICIT_RETAIN_SELF = YES;
				CLANG_WARN_OBJC_LITERAL_CONVERSION = YES;
				CLANG_WARN_OBJC_ROOT_CLASS = YES_ERROR;
				CLANG_WARN_QUOTED_INCLUDE_IN_FRAMEWORK_HEADER = YES;
				CLANG_WARN_RANGE_LOOP_ANALYSIS = YES;
				CLANG_WARN_STRICT_PROTOTYPES = YES;
				CLANG_WARN_SUSPICIOUS_MOVE = YES;
				CLANG_WARN_UNGUARDED_AVAILABILITY = YES_AGGRESSIVE;
				CLANG_WARN_UNREACHABLE_CODE = YES;
				CLANG_WARN__DUPLICATE_METHOD_MATCH = YES;
				COPY_PHASE_STRIP = NO;
				DEBUG_INFORMATION_FORMAT = "dwarf-with-dsym";
				DEVELOPMENT_TEAM = PGF4D2DHVF;
				ENABLE_NS_ASSERTIONS = NO;
				ENABLE_STRICT_OBJC_MSGSEND = YES;
				ENABLE_USER_SCRIPT_SANDBOXING = YES;
				GCC_C_LANGUAGE_STANDARD = gnu17;
				GCC_NO_COMMON_BLOCKS = YES;
				GCC_WARN_64_TO_32_BIT_CONVERSION = YES;
				GCC_WARN_ABOUT_RETURN_TYPE = YES_ERROR;
				GCC_WARN_UNDECLARED_SELECTOR = YES;
				GCC_WARN_UNINITIALIZED_AUTOS = YES_AGGRESSIVE;
				GCC_WARN_UNUSED_FUNCTION = YES;
				GCC_WARN_UNUSED_VARIABLE = YES;
				IPHONEOS_DEPLOYMENT_TARGET = 17.0;
				LOCALIZATION_PREFERS_STRING_CATALOGS = YES;
				MTL_ENABLE_DEBUG_INFO = NO;
				MTL_FAST_MATH = YES;
				SDKROOT = iphoneos;
				SWIFT_COMPILATION_MODE = wholemodule;
				VALIDATE_PRODUCT = YES;
			};
			name = Release;
		};
		6966102E2EAA504000E2E3F9 /* Debug */ = {
			isa = XCBuildConfiguration;
			buildSettings = {
				ASSETCATALOG_COMPILER_APPICON_NAME = AppIcon;
				ASSETCATALOG_COMPILER_GLOBAL_ACCENT_COLOR_NAME = AccentColor;
				CODE_SIGN_ENTITLEMENTS = tired/tired.dev.entitlements;
				CODE_SIGN_STYLE = Automatic;
				CURRENT_PROJECT_VERSION = 1;
				DEVELOPMENT_TEAM = PGF4D2DHVF;
				ENABLE_PREVIEWS = YES;
				GENERATE_INFOPLIST_FILE = NO;
				INFOPLIST_FILE = tired/Info.plist;
				INFOPLIST_KEY_UIApplicationSceneManifest_Generation = YES;
				INFOPLIST_KEY_UIApplicationSupportsIndirectInputEvents = YES;
				INFOPLIST_KEY_UILaunchScreen_Generation = YES;
				INFOPLIST_KEY_UISupportedInterfaceOrientations_iPad = "UIInterfaceOrientationPortrait UIInterfaceOrientationPortraitUpsideDown UIInterfaceOrientationLandscapeLeft UIInterfaceOrientationLandscapeRight";
				INFOPLIST_KEY_UISupportedInterfaceOrientations_iPhone = "UIInterfaceOrientationPortrait UIInterfaceOrientationLandscapeLeft UIInterfaceOrientationLandscapeRight";
				LD_RUNPATH_SEARCH_PATHS = (
					"$(inherited)",
					"@executable_path/Frameworks",
				);
				MARKETING_VERSION = 1.0;
				PRODUCT_BUNDLE_IDENTIFIER = tw.pu.tiredteam.tired;
				PRODUCT_NAME = "$(TARGET_NAME)";
				STRING_CATALOG_GENERATE_SYMBOLS = YES;
				SWIFT_APPROACHABLE_CONCURRENCY = YES;
				SWIFT_DEFAULT_ACTOR_ISOLATION = MainActor;
				SWIFT_EMIT_LOC_STRINGS = YES;
				SWIFT_UPCOMING_FEATURE_MEMBER_IMPORT_VISIBILITY = YES;
				SWIFT_VERSION = 5.0;
				TARGETED_DEVICE_FAMILY = "1,2";
			};
			name = Debug;
		};
		6966102F2EAA504000E2E3F9 /* Release */ = {
			isa = XCBuildConfiguration;
			buildSettings = {
				ASSETCATALOG_COMPILER_APPICON_NAME = AppIcon;
				ASSETCATALOG_COMPILER_GLOBAL_ACCENT_COLOR_NAME = AccentColor;
				CODE_SIGN_ENTITLEMENTS = tired/tired.prod.entitlements;
				CODE_SIGN_STYLE = Automatic;
				CURRENT_PROJECT_VERSION = 1;
				DEVELOPMENT_TEAM = PGF4D2DHVF;
				ENABLE_PREVIEWS = YES;
				GENERATE_INFOPLIST_FILE = NO;
				INFOPLIST_FILE = tired/Info.plist;
				INFOPLIST_KEY_UIApplicationSceneManifest_Generation = YES;
				INFOPLIST_KEY_UIApplicationSupportsIndirectInputEvents = YES;
				INFOPLIST_KEY_UILaunchScreen_Generation = YES;
				INFOPLIST_KEY_UISupportedInterfaceOrientations_iPad = "UIInterfaceOrientationPortrait UIInterfaceOrientationPortraitUpsideDown UIInterfaceOrientationLandscapeLeft UIInterfaceOrientationLandscapeRight";
				INFOPLIST_KEY_UISupportedInterfaceOrientations_iPhone = "UIInterfaceOrientationPortrait UIInterfaceOrientationLandscapeLeft UIInterfaceOrientationLandscapeRight";
				LD_RUNPATH_SEARCH_PATHS = (
					"$(inherited)",
					"@executable_path/Frameworks",
				);
				MARKETING_VERSION = 1.0;
				PRODUCT_BUNDLE_IDENTIFIER = tw.pu.tiredteam.tired;
				PRODUCT_NAME = "$(TARGET_NAME)";
				STRING_CATALOG_GENERATE_SYMBOLS = YES;
				SWIFT_APPROACHABLE_CONCURRENCY = YES;
				SWIFT_DEFAULT_ACTOR_ISOLATION = MainActor;
				SWIFT_EMIT_LOC_STRINGS = YES;
				SWIFT_UPCOMING_FEATURE_MEMBER_IMPORT_VISIBILITY = YES;
				SWIFT_VERSION = 5.0;
				TARGETED_DEVICE_FAMILY = "1,2";
			};
			name = Release;
		};
		696610312EAA504000E2E3F9 /* Debug */ = {
			isa = XCBuildConfiguration;
			buildSettings = {
				BUNDLE_LOADER = "$(TEST_HOST)";
				CODE_SIGN_STYLE = Automatic;
				CURRENT_PROJECT_VERSION = 1;
				DEVELOPMENT_TEAM = PGF4D2DHVF;
				GENERATE_INFOPLIST_FILE = YES;
				IPHONEOS_DEPLOYMENT_TARGET = 17.0;
				MARKETING_VERSION = 1.0;
				PRODUCT_BUNDLE_IDENTIFIER = tw.pu.tiredteam.tiredTests;
				PRODUCT_NAME = "$(TARGET_NAME)";
				STRING_CATALOG_GENERATE_SYMBOLS = NO;
				SWIFT_APPROACHABLE_CONCURRENCY = YES;
				SWIFT_EMIT_LOC_STRINGS = NO;
				SWIFT_UPCOMING_FEATURE_MEMBER_IMPORT_VISIBILITY = YES;
				SWIFT_VERSION = 5.0;
				TARGETED_DEVICE_FAMILY = "1,2";
				TEST_HOST = "$(BUILT_PRODUCTS_DIR)/tired.app/$(BUNDLE_EXECUTABLE_FOLDER_PATH)/tired";
			};
			name = Debug;
		};
		696610322EAA504000E2E3F9 /* Release */ = {
			isa = XCBuildConfiguration;
			buildSettings = {
				BUNDLE_LOADER = "$(TEST_HOST)";
				CODE_SIGN_STYLE = Automatic;
				CURRENT_PROJECT_VERSION = 1;
				DEVELOPMENT_TEAM = PGF4D2DHVF;
				GENERATE_INFOPLIST_FILE = YES;
				IPHONEOS_DEPLOYMENT_TARGET = 17.0;
				MARKETING_VERSION = 1.0;
				PRODUCT_BUNDLE_IDENTIFIER = tw.pu.tiredteam.tiredTests;
				PRODUCT_NAME = "$(TARGET_NAME)";
				STRING_CATALOG_GENERATE_SYMBOLS = NO;
				SWIFT_APPROACHABLE_CONCURRENCY = YES;
				SWIFT_EMIT_LOC_STRINGS = NO;
				SWIFT_UPCOMING_FEATURE_MEMBER_IMPORT_VISIBILITY = YES;
				SWIFT_VERSION = 5.0;
				TARGETED_DEVICE_FAMILY = "1,2";
				TEST_HOST = "$(BUILT_PRODUCTS_DIR)/tired.app/$(BUNDLE_EXECUTABLE_FOLDER_PATH)/tired";
			};
			name = Release;
		};
		696610342EAA504000E2E3F9 /* Debug */ = {
			isa = XCBuildConfiguration;
			buildSettings = {
				CODE_SIGN_STYLE = Automatic;
				CURRENT_PROJECT_VERSION = 1;
				DEVELOPMENT_TEAM = PGF4D2DHVF;
				GENERATE_INFOPLIST_FILE = YES;
				MARKETING_VERSION = 1.0;
				PRODUCT_BUNDLE_IDENTIFIER = tw.pu.tiredteam.tiredUITests;
				PRODUCT_NAME = "$(TARGET_NAME)";
				STRING_CATALOG_GENERATE_SYMBOLS = NO;
				SWIFT_APPROACHABLE_CONCURRENCY = YES;
				SWIFT_EMIT_LOC_STRINGS = NO;
				SWIFT_UPCOMING_FEATURE_MEMBER_IMPORT_VISIBILITY = YES;
				SWIFT_VERSION = 5.0;
				TARGETED_DEVICE_FAMILY = "1,2";
				TEST_TARGET_NAME = tired;
			};
			name = Debug;
		};
		696610352EAA504000E2E3F9 /* Release */ = {
			isa = XCBuildConfiguration;
			buildSettings = {
				CODE_SIGN_STYLE = Automatic;
				CURRENT_PROJECT_VERSION = 1;
				DEVELOPMENT_TEAM = PGF4D2DHVF;
				GENERATE_INFOPLIST_FILE = YES;
				MARKETING_VERSION = 1.0;
				PRODUCT_BUNDLE_IDENTIFIER = tw.pu.tiredteam.tiredUITests;
				PRODUCT_NAME = "$(TARGET_NAME)";
				STRING_CATALOG_GENERATE_SYMBOLS = NO;
				SWIFT_APPROACHABLE_CONCURRENCY = YES;
				SWIFT_EMIT_LOC_STRINGS = NO;
				SWIFT_UPCOMING_FEATURE_MEMBER_IMPORT_VISIBILITY = YES;
				SWIFT_VERSION = 5.0;
				TARGETED_DEVICE_FAMILY = "1,2";
				TEST_TARGET_NAME = tired;
			};
			name = Release;
		};
/* End XCBuildConfiguration section */

/* Begin XCConfigurationList section */
		696610072EAA503E00E2E3F9 /* Build configuration list for PBXProject "tired" */ = {
			isa = XCConfigurationList;
			buildConfigurations = (
				6966102B2EAA504000E2E3F9 /* Debug */,
				6966102C2EAA504000E2E3F9 /* Release */,
			);
			defaultConfigurationIsVisible = 0;
			defaultConfigurationName = Release;
		};
		6966102D2EAA504000E2E3F9 /* Build configuration list for PBXNativeTarget "tired" */ = {
			isa = XCConfigurationList;
			buildConfigurations = (
				6966102E2EAA504000E2E3F9 /* Debug */,
				6966102F2EAA504000E2E3F9 /* Release */,
			);
			defaultConfigurationIsVisible = 0;
			defaultConfigurationName = Release;
		};
		696610302EAA504000E2E3F9 /* Build configuration list for PBXNativeTarget "tiredTests" */ = {
			isa = XCConfigurationList;
			buildConfigurations = (
				696610312EAA504000E2E3F9 /* Debug */,
				696610322EAA504000E2E3F9 /* Release */,
			);
			defaultConfigurationIsVisible = 0;
			defaultConfigurationName = Release;
		};
		696610332EAA504000E2E3F9 /* Build configuration list for PBXNativeTarget "tiredUITests" */ = {
			isa = XCConfigurationList;
			buildConfigurations = (
				696610342EAA504000E2E3F9 /* Debug */,
				696610352EAA504000E2E3F9 /* Release */,
			);
			defaultConfigurationIsVisible = 0;
			defaultConfigurationName = Release;
		};
/* End XCConfigurationList section */

/* Begin XCRemoteSwiftPackageReference section */
		6966105C2EAA54EF00E2E3F9 /* XCRemoteSwiftPackageReference "firebase-ios-sdk" */ = {
			isa = XCRemoteSwiftPackageReference;
			repositoryURL = "https://github.com/firebase/firebase-ios-sdk";
			requirement = {
				kind = upToNextMajorVersion;
				minimumVersion = 12.4.0;
			};
		};
		A18001002F2D1D0400C672AA /* XCRemoteSwiftPackageReference "GoogleSignIn-iOS" */ = {
			isa = XCRemoteSwiftPackageReference;
			repositoryURL = "https://github.com/google/GoogleSignIn-iOS.git";
			requirement = {
				kind = upToNextMajorVersion;
				minimumVersion = 7.0.0;
			};
		};
/* End XCRemoteSwiftPackageReference section */

/* Begin XCSwiftPackageProductDependency section */
		A18000012F2D1D0400C672AA /* FirebaseAuth */ = {
			isa = XCSwiftPackageProductDependency;
			package = 6966105C2EAA54EF00E2E3F9 /* XCRemoteSwiftPackageReference "firebase-ios-sdk" */;
			productName = FirebaseAuth;
		};
		A18000022F2D1D0400C672AA /* FirebaseCore */ = {
			isa = XCSwiftPackageProductDependency;
			package = 6966105C2EAA54EF00E2E3F9 /* XCRemoteSwiftPackageReference "firebase-ios-sdk" */;
			productName = FirebaseCore;
		};
		A18000032F2D1D0400C672AA /* FirebaseFirestore */ = {
			isa = XCSwiftPackageProductDependency;
			package = 6966105C2EAA54EF00E2E3F9 /* XCRemoteSwiftPackageReference "firebase-ios-sdk" */;
			productName = FirebaseFirestore;
		};
		A18000052F2D1D0400C672AA /* GoogleSignIn */ = {
			isa = XCSwiftPackageProductDependency;
			package = A18001002F2D1D0400C672AA /* XCRemoteSwiftPackageReference "GoogleSignIn-iOS" */;
			productName = GoogleSignIn;
		};
		A18000062F2D1D0400C672AA /* FirebaseMessaging */ = {
			isa = XCSwiftPackageProductDependency;
			package = 6966105C2EAA54EF00E2E3F9 /* XCRemoteSwiftPackageReference "firebase-ios-sdk" */;
			productName = FirebaseMessaging;
		};
/* End XCSwiftPackageProductDependency section */
	};
	rootObject = 696610042EAA503E00E2E3F9 /* Project object */;
}
